
Microsoft Visual Studio Solution File, Format Version 12.00
# Visual Studio Version 16
VisualStudioVersion = 16.0.29311.281
MinimumVisualStudioVersion = 10.0.40219.1
Project("{9A19103F-16F7-4668-BE54-9A1E7A4F7556}") = "Degage.ServiceModel.Rpc", "Degage.ServiceModel.Rpc\Degage.ServiceModel.Rpc.csproj", "{BA22A819-8A86-4460-AE6F-0BCE8424F901}"
EndProject
Project("{2150E333-8FDC-42A3-9474-1A3956D46DE8}") = "RpcV1", "RpcV1", "{F3341B72-2E59-4300-BFFD-6F64815E5AC9}"
EndProject
Global
	GlobalSection(SolutionConfigurationPlatforms) = preSolution
		Debug|Any CPU = Debug|Any CPU
		Release|Any CPU = Release|Any CPU
	EndGlobalSection
	GlobalSection(ProjectConfigurationPlatforms) = postSolution
		{BA22A819-8A86-4460-AE6F-0BCE8424F901}.Debug|Any CPU.ActiveCfg = Debug|Any CPU
		{BA22A819-8A86-4460-AE6F-0BCE8424F901}.Debug|Any CPU.Build.0 = Debug|Any CPU
		{BA22A819-8A86-4460-AE6F-0BCE8424F901}.Release|Any CPU.ActiveCfg = Release|Any CPU
		{BA22A819-8A86-4460-AE6F-0BCE8424F901}.Release|Any CPU.Build.0 = Release|Any CPU
	EndGlobalSection
	GlobalSection(SolutionProperties) = preSolution
		HideSolutionNode = FALSE
	EndGlobalSection
	GlobalSection(NestedProjects) = preSolution
		{BA22A819-8A86-4460-AE6F-0BCE8424F901} = {F3341B72-2E59-4300-BFFD-6F64815E5AC9}
	EndGlobalSection
	GlobalSection(ExtensibilityGlobals) = postSolution
		SolutionGuid = {A3F71D56-C98C-46DA-A64D-0017339AF41B}
	EndGlobalSection
EndGlobal
